// !$*UTF8*$!
{
	archiveVersion = 1;
	classes = {
	};
	objectVersion = 46;
	objects = {

/* Begin PBXBuildFile section */
		D2F18C6F1DD82B2E00E39E29 /* AppDelegate.swift in Sources */ = {isa = PBXBuildFile; fileRef = D2F18C6E1DD82B2E00E39E29 /* AppDelegate.swift */; };
		D2F18C711DD82B2E00E39E29 /* ViewController.swift in Sources */ = {isa = PBXBuildFile; fileRef = D2F18C701DD82B2E00E39E29 /* ViewController.swift */; };
		D2F18C741DD82B2E00E39E29 /* Main.storyboard in Resources */ = {isa = PBXBuildFile; fileRef = D2F18C721DD82B2E00E39E29 /* Main.storyboard */; };
		D2F18C761DD82B2E00E39E29 /* Assets.xcassets in Resources */ = {isa = PBXBuildFile; fileRef = D2F18C751DD82B2E00E39E29 /* Assets.xcassets */; };
		D2F18C791DD82B2E00E39E29 /* LaunchScreen.storyboard in Resources */ = {isa = PBXBuildFile; fileRef = D2F18C771DD82B2E00E39E29 /* LaunchScreen.storyboard */; };
		D2F18C841DD82B2E00E39E29 /* challengeTests.swift in Sources */ = {isa = PBXBuildFile; fileRef = D2F18C831DD82B2E00E39E29 /* challengeTests.swift */; };
		D2F18C8F1DD82B2E00E39E29 /* challengeUITests.swift in Sources */ = {isa = PBXBuildFile; fileRef = D2F18C8E1DD82B2E00E39E29 /* challengeUITests.swift */; };
/* End PBXBuildFile section */

/* Begin PBXContainerItemProxy section */
		D2F18C801DD82B2E00E39E29 /* PBXContainerItemProxy */ = {
			isa = PBXContainerItemProxy;
			containerPortal = D2F18C631DD82B2E00E39E29 /* Project object */;
			proxyType = 1;
			remoteGlobalIDString = D2F18C6A1DD82B2E00E39E29;
			remoteInfo = challenge;
		};
		D2F18C8B1DD82B2E00E39E29 /* PBXContainerItemProxy */ = {
			isa = PBXContainerItemProxy;
			containerPortal = D2F18C631DD82B2E00E39E29 /* Project object */;
			proxyType = 1;
			remoteGlobalIDString = D2F18C6A1DD82B2E00E39E29;
			remoteInfo = challenge;
		};
/* End PBXContainerItemProxy section */

/* Begin PBXFileReference section */
		D2F18C6B1DD82B2E00E39E29 /* challenge.app */ = {isa = PBXFileReference; explicitFileType = wrapper.application; includeInIndex = 0; path = challenge.app; sourceTree = BUILT_PRODUCTS_DIR; };
		D2F18C6E1DD82B2E00E39E29 /* AppDelegate.swift */ = {isa = PBXFileReference; lastKnownFileType = sourcecode.swift; path = AppDelegate.swift; sourceTree = "<group>"; };
		D2F18C701DD82B2E00E39E29 /* ViewController.swift */ = {isa = PBXFileReference; lastKnownFileType = sourcecode.swift; path = ViewController.swift; sourceTree = "<group>"; };
		D2F18C731DD82B2E00E39E29 /* Base */ = {isa = PBXFileReference; lastKnownFileType = file.storyboard; name = Base; path = Base.lproj/Main.storyboard; sourceTree = "<group>"; };
		D2F18C751DD82B2E00E39E29 /* Assets.xcassets */ = {isa = PBXFileReference; lastKnownFileType = folder.assetcatalog; path = Assets.xcassets; sourceTree = "<group>"; };
		D2F18C781DD82B2E00E39E29 /* Base */ = {isa = PBXFileReference; lastKnownFileType = file.storyboard; name = Base; path = Base.lproj/LaunchScreen.storyboard; sourceTree = "<group>"; };
		D2F18C7A1DD82B2E00E39E29 /* Info.plist */ = {isa = PBXFileReference; lastKnownFileType = text.plist.xml; path = Info.plist; sourceTree = "<group>"; };
		D2F18C7F1DD82B2E00E39E29 /* challengeTests.xctest */ = {isa = PBXFileReference; explicitFileType = wrapper.cfbundle; includeInIndex = 0; path = challengeTests.xctest; sourceTree = BUILT_PRODUCTS_DIR; };
		D2F18C831DD82B2E00E39E29 /* challengeTests.swift */ = {isa = PBXFileReference; lastKnownFileType = sourcecode.swift; path = challengeTests.swift; sourceTree = "<group>"; };
		D2F18C851DD82B2E00E39E29 /* Info.plist */ = {isa = PBXFileReference; lastKnownFileType = text.plist.xml; path = Info.plist; sourceTree = "<group>"; };
		D2F18C8A1DD82B2E00E39E29 /* challengeUITests.xctest */ = {isa = PBXFileReference; explicitFileType = wrapper.cfbundle; includeInIndex = 0; path = challengeUITests.xctest; sourceTree = BUILT_PRODUCTS_DIR; };
		D2F18C8E1DD82B2E00E39E29 /* challengeUITests.swift */ = {isa = PBXFileReference; lastKnownFileType = sourcecode.swift; path = challengeUITests.swift; sourceTree = "<group>"; };
		D2F18C901DD82B2E00E39E29 /* Info.plist */ = {isa = PBXFileReference; lastKnownFileType = text.plist.xml; path = Info.plist; sourceTree = "<group>"; };
/* End PBXFileReference section */

/* Begin PBXFrameworksBuildPhase section */
		D2F18C681DD82B2E00E39E29 /* Frameworks */ = {
			isa = PBXFrameworksBuildPhase;
			buildActionMask = 2147483647;
			files = (
			);
			runOnlyForDeploymentPostprocessing = 0;
		};
		D2F18C7C1DD82B2E00E39E29 /* Frameworks */ = {
			isa = PBXFrameworksBuildPhase;
			buildActionMask = 2147483647;
			files = (
			);
			runOnlyForDeploymentPostprocessing = 0;
		};
		D2F18C871DD82B2E00E39E29 /* Frameworks */ = {
			isa = PBXFrameworksBuildPhase;
			buildActionMask = 2147483647;
			files = (
			);
			runOnlyForDeploymentPostprocessing = 0;
		};
/* End PBXFrameworksBuildPhase section */

/* Begin PBXGroup section */
		D2F18C621DD82B2E00E39E29 = {
			isa = PBXGroup;
			children = (
				D2F18C6D1DD82B2E00E39E29 /* challenge */,
				D2F18C821DD82B2E00E39E29 /* challengeTests */,
				D2F18C8D1DD82B2E00E39E29 /* challengeUITests */,
				D2F18C6C1DD82B2E00E39E29 /* Products */,
			);
			sourceTree = "<group>";
		};
		D2F18C6C1DD82B2E00E39E29 /* Products */ = {
			isa = PBXGroup;
			children = (
				D2F18C6B1DD82B2E00E39E29 /* challenge.app */,
				D2F18C7F1DD82B2E00E39E29 /* challengeTests.xctest */,
				D2F18C8A1DD82B2E00E39E29 /* challengeUITests.xctest */,
			);
			name = Products;
			sourceTree = "<group>";
		};
		D2F18C6D1DD82B2E00E39E29 /* challenge */ = {
			isa = PBXGroup;
			children = (
				D2F18C6E1DD82B2E00E39E29 /* AppDelegate.swift */,
				D2F18C701DD82B2E00E39E29 /* ViewController.swift */,
				D2F18C721DD82B2E00E39E29 /* Main.storyboard */,
				D2F18C751DD82B2E00E39E29 /* Assets.xcassets */,
				D2F18C771DD82B2E00E39E29 /* LaunchScreen.storyboard */,
				D2F18C7A1DD82B2E00E39E29 /* Info.plist */,
			);
			path = challenge;
			sourceTree = "<group>";
		};
		D2F18C821DD82B2E00E39E29 /* challengeTests */ = {
			isa = PBXGroup;
			children = (
				D2F18C831DD82B2E00E39E29 /* challengeTests.swift */,
				D2F18C851DD82B2E00E39E29 /* Info.plist */,
			);
			path = challengeTests;
			sourceTree = "<group>";
		};
		D2F18C8D1DD82B2E00E39E29 /* challengeUITests */ = {
			isa = PBXGroup;
			children = (
				D2F18C8E1DD82B2E00E39E29 /* challengeUITests.swift */,
				D2F18C901DD82B2E00E39E29 /* Info.plist */,
			);
			path = challengeUITests;
			sourceTree = "<group>";
		};
/* End PBXGroup section */

/* Begin PBXNativeTarget section */
		D2F18C6A1DD82B2E00E39E29 /* challenge */ = {
			isa = PBXNativeTarget;
			buildConfigurationList = D2F18C931DD82B2E00E39E29 /* Build configuration list for PBXNativeTarget "challenge" */;
			buildPhases = (
				D2F18C671DD82B2E00E39E29 /* Sources */,
				D2F18C681DD82B2E00E39E29 /* Frameworks */,
				D2F18C691DD82B2E00E39E29 /* Resources */,
			);
			buildRules = (
			);
			dependencies = (
			);
			name = challenge;
			productName = challenge;
			productReference = D2F18C6B1DD82B2E00E39E29 /* challenge.app */;
			productType = "com.apple.product-type.application";
		};
		D2F18C7E1DD82B2E00E39E29 /* challengeTests */ = {
			isa = PBXNativeTarget;
			buildConfigurationList = D2F18C961DD82B2E00E39E29 /* Build configuration list for PBXNativeTarget "challengeTests" */;
			buildPhases = (
				D2F18C7B1DD82B2E00E39E29 /* Sources */,
				D2F18C7C1DD82B2E00E39E29 /* Frameworks */,
				D2F18C7D1DD82B2E00E39E29 /* Resources */,
			);
			buildRules = (
			);
			dependencies = (
				D2F18C811DD82B2E00E39E29 /* PBXTargetDependency */,
			);
			name = challengeTests;
			productName = challengeTests;
			productReference = D2F18C7F1DD82B2E00E39E29 /* challengeTests.xctest */;
			productType = "com.apple.product-type.bundle.unit-test";
		};
		D2F18C891DD82B2E00E39E29 /* challengeUITests */ = {
			isa = PBXNativeTarget;
			buildConfigurationList = D2F18C991DD82B2E00E39E29 /* Build configuration list for PBXNativeTarget "challengeUITests" */;
			buildPhases = (
				D2F18C861DD82B2E00E39E29 /* Sources */,
				D2F18C871DD82B2E00E39E29 /* Frameworks */,
				D2F18C881DD82B2E00E39E29 /* Resources */,
			);
			buildRules = (
			);
			dependencies = (
				D2F18C8C1DD82B2E00E39E29 /* PBXTargetDependency */,
			);
			name = challengeUITests;
			productName = challengeUITests;
			productReference = D2F18C8A1DD82B2E00E39E29 /* challengeUITests.xctest */;
			productType = "com.apple.product-type.bundle.ui-testing";
		};
/* End PBXNativeTarget section */

/* Begin PBXProject section */
		D2F18C631DD82B2E00E39E29 /* Project object */ = {
			isa = PBXProject;
			attributes = {
				LastSwiftUpdateCheck = 0800;
				LastUpgradeCheck = 0800;
				ORGANIZATIONNAME = "Patrícia Gabriele Neri";
				TargetAttributes = {
					D2F18C6A1DD82B2E00E39E29 = {
						CreatedOnToolsVersion = 8.0;
						ProvisioningStyle = Automatic;
					};
					D2F18C7E1DD82B2E00E39E29 = {
						CreatedOnToolsVersion = 8.0;
						ProvisioningStyle = Automatic;
						TestTargetID = D2F18C6A1DD82B2E00E39E29;
					};
					D2F18C891DD82B2E00E39E29 = {
						CreatedOnToolsVersion = 8.0;
						ProvisioningStyle = Automatic;
						TestTargetID = D2F18C6A1DD82B2E00E39E29;
					};
				};
			};
			buildConfigurationList = D2F18C661DD82B2E00E39E29 /* Build configuration list for PBXProject "challenge" */;
			compatibilityVersion = "Xcode 3.2";
			developmentRegion = English;
			hasScannedForEncodings = 0;
			knownRegions = (
				en,
				Base,
			);
			mainGroup = D2F18C621DD82B2E00E39E29;
			productRefGroup = D2F18C6C1DD82B2E00E39E29 /* Products */;
			projectDirPath = "";
			projectRoot = "";
			targets = (
				D2F18C6A1DD82B2E00E39E29 /* challenge */,
				D2F18C7E1DD82B2E00E39E29 /* challengeTests */,
				D2F18C891DD82B2E00E39E29 /* challengeUITests */,
			);
		};
/* End PBXProject section */

/* Begin PBXResourcesBuildPhase section */
		D2F18C691DD82B2E00E39E29 /* Resources */ = {
			isa = PBXResourcesBuildPhase;
			buildActionMask = 2147483647;
			files = (
				D2F18C791DD82B2E00E39E29 /* LaunchScreen.storyboard in Resources */,
				D2F18C761DD82B2E00E39E29 /* Assets.xcassets in Resources */,
				D2F18C741DD82B2E00E39E29 /* Main.storyboard in Resources */,
			);
			runOnlyForDeploymentPostprocessing = 0;
		};
		D2F18C7D1DD82B2E00E39E29 /* Resources */ = {
			isa = PBXResourcesBuildPhase;
			buildActionMask = 2147483647;
			files = (
			);
			runOnlyForDeploymentPostprocessing = 0;
		};
		D2F18C881DD82B2E00E39E29 /* Resources */ = {
			isa = PBXResourcesBuildPhase;
			buildActionMask = 2147483647;
			files = (
			);
			runOnlyForDeploymentPostprocessing = 0;
		};
/* End PBXResourcesBuildPhase section */

/* Begin PBXSourcesBuildPhase section */
		D2F18C671DD82B2E00E39E29 /* Sources */ = {
			isa = PBXSourcesBuildPhase;
			buildActionMask = 2147483647;
			files = (
				D2F18C711DD82B2E00E39E29 /* ViewController.swift in Sources */,
				D2F18C6F1DD82B2E00E39E29 /* AppDelegate.swift in Sources */,
			);
			runOnlyForDeploymentPostprocessing = 0;
		};
		D2F18C7B1DD82B2E00E39E29 /* Sources */ = {
			isa = PBXSourcesBuildPhase;
			buildActionMask = 2147483647;
			files = (
				D2F18C841DD82B2E00E39E29 /* challengeTests.swift in Sources */,
			);
			runOnlyForDeploymentPostprocessing = 0;
		};
		D2F18C861DD82B2E00E39E29 /* Sources */ = {
			isa = PBXSourcesBuildPhase;
			buildActionMask = 2147483647;
			files = (
				D2F18C8F1DD82B2E00E39E29 /* challengeUITests.swift in Sources */,
			);
			runOnlyForDeploymentPostprocessing = 0;
		};
/* End PBXSourcesBuildPhase section */

/* Begin PBXTargetDependency section */
		D2F18C811DD82B2E00E39E29 /* PBXTargetDependency */ = {
			isa = PBXTargetDependency;
			target = D2F18C6A1DD82B2E00E39E29 /* challenge */;
			targetProxy = D2F18C801DD82B2E00E39E29 /* PBXContainerItemProxy */;
		};
		D2F18C8C1DD82B2E00E39E29 /* PBXTargetDependency */ = {
			isa = PBXTargetDependency;
			target = D2F18C6A1DD82B2E00E39E29 /* challenge */;
			targetProxy = D2F18C8B1DD82B2E00E39E29 /* PBXContainerItemProxy */;
		};
/* End PBXTargetDependency section */

/* Begin PBXVariantGroup section */
		D2F18C721DD82B2E00E39E29 /* Main.storyboard */ = {
			isa = PBXVariantGroup;
			children = (
				D2F18C731DD82B2E00E39E29 /* Base */,
			);
			name = Main.storyboard;
			sourceTree = "<group>";
		};
		D2F18C771DD82B2E00E39E29 /* LaunchScreen.storyboard */ = {
			isa = PBXVariantGroup;
			children = (
				D2F18C781DD82B2E00E39E29 /* Base */,
			);
			name = LaunchScreen.storyboard;
			sourceTree = "<group>";
		};
/* End PBXVariantGroup section */

/* Begin XCBuildConfiguration section */
		D2F18C911DD82B2E00E39E29 /* Debug */ = {
			isa = XCBuildConfiguration;
			buildSettings = {
				ALWAYS_SEARCH_USER_PATHS = NO;
				CLANG_ANALYZER_NONNULL = YES;
				CLANG_CXX_LANGUAGE_STANDARD = "gnu++0x";
				CLANG_CXX_LIBRARY = "libc++";
				CLANG_ENABLE_MODULES = YES;
				CLANG_ENABLE_OBJC_ARC = YES;
				CLANG_WARN_BOOL_CONVERSION = YES;
				CLANG_WARN_CONSTANT_CONVERSION = YES;
				CLANG_WARN_DIRECT_OBJC_ISA_USAGE = YES_ERROR;
				CLANG_WARN_DOCUMENTATION_COMMENTS = YES;
				CLANG_WARN_EMPTY_BODY = YES;
				CLANG_WARN_ENUM_CONVERSION = YES;
				CLANG_WARN_INFINITE_RECURSION = YES;
				CLANG_WARN_INT_CONVERSION = YES;
				CLANG_WARN_OBJC_ROOT_CLASS = YES_ERROR;
				CLANG_WARN_SUSPICIOUS_MOVES = YES;
				CLANG_WARN_UNREACHABLE_CODE = YES;
				CLANG_WARN__DUPLICATE_METHOD_MATCH = YES;
				"CODE_SIGN_IDENTITY[sdk=iphoneos*]" = "iPhone Developer";
				COPY_PHASE_STRIP = NO;
				DEBUG_INFORMATION_FORMAT = dwarf;
				ENABLE_STRICT_OBJC_MSGSEND = YES;
				ENABLE_TESTABILITY = YES;
				GCC_C_LANGUAGE_STANDARD = gnu99;
				GCC_DYNAMIC_NO_PIC = NO;
				GCC_NO_COMMON_BLOCKS = YES;
				GCC_OPTIMIZATION_LEVEL = 0;
				GCC_PREPROCESSOR_DEFINITIONS = (
					"DEBUG=1",
					"$(inherited)",
				);
				GCC_WARN_64_TO_32_BIT_CONVERSION = YES;
				GCC_WARN_ABOUT_RETURN_TYPE = YES_ERROR;
				GCC_WARN_UNDECLARED_SELECTOR = YES;
				GCC_WARN_UNINITIALIZED_AUTOS = YES_AGGRESSIVE;
				GCC_WARN_UNUSED_FUNCTION = YES;
				GCC_WARN_UNUSED_VARIABLE = YES;
				IPHONEOS_DEPLOYMENT_TARGET = 8.0;
				MTL_ENABLE_DEBUG_INFO = YES;
				ONLY_ACTIVE_ARCH = YES;
				SDKROOT = iphoneos;
				SWIFT_ACTIVE_COMPILATION_CONDITIONS = DEBUG;
				SWIFT_OPTIMIZATION_LEVEL = "-Onone";
				TARGETED_DEVICE_FAMILY = "1,2";
			};
			name = Debug;
		};
		D2F18C921DD82B2E00E39E29 /* Release */ = {
			isa = XCBuildConfiguration;
			buildSettings = {
				ALWAYS_SEARCH_USER_PATHS = NO;
				CLANG_ANALYZER_NONNULL = YES;
				CLANG_CXX_LANGUAGE_STANDARD = "gnu++0x";
				CLANG_CXX_LIBRARY = "libc++";
				CLANG_ENABLE_MODULES = YES;
				CLANG_ENABLE_OBJC_ARC = YES;
				CLANG_WARN_BOOL_CONVERSION = YES;
				CLANG_WARN_CONSTANT_CONVERSION = YES;
				CLANG_WARN_DIRECT_OBJC_ISA_USAGE = YES_ERROR;
				CLANG_WARN_DOCUMENTATION_COMMENTS = YES;
				CLANG_WARN_EMPTY_BODY = YES;
				CLANG_WARN_ENUM_CONVERSION = YES;
				CLANG_WARN_INFINITE_RECURSION = YES;
				CLANG_WARN_INT_CONVERSION = YES;
				CLANG_WARN_OBJC_ROOT_CLASS = YES_ERROR;
				CLANG_WARN_SUSPICIOUS_MOVES = YES;
				CLANG_WARN_UNREACHABLE_CODE = YES;
				CLANG_WARN__DUPLICATE_METHOD_MATCH = YES;
				"CODE_SIGN_IDENTITY[sdk=iphoneos*]" = "iPhone Developer";
				COPY_PHASE_STRIP = NO;
				DEBUG_INFORMATION_FORMAT = "dwarf-with-dsym";
				ENABLE_NS_ASSERTIONS = NO;
				ENABLE_STRICT_OBJC_MSGSEND = YES;
				GCC_C_LANGUAGE_STANDARD = gnu99;
				GCC_NO_COMMON_BLOCKS = YES;
				GCC_WARN_64_TO_32_BIT_CONVERSION = YES;
				GCC_WARN_ABOUT_RETURN_TYPE = YES_ERROR;
				GCC_WARN_UNDECLARED_SELECTOR = YES;
				GCC_WARN_UNINITIALIZED_AUTOS = YES_AGGRESSIVE;
				GCC_WARN_UNUSED_FUNCTION = YES;
				GCC_WARN_UNUSED_VARIABLE = YES;
				IPHONEOS_DEPLOYMENT_TARGET = 8.0;
				MTL_ENABLE_DEBUG_INFO = NO;
				SDKROOT = iphoneos;
				SWIFT_OPTIMIZATION_LEVEL = "-Owholemodule";
				TARGETED_DEVICE_FAMILY = "1,2";
				VALIDATE_PRODUCT = YES;
			};
			name = Release;
		};
		D2F18C941DD82B2E00E39E29 /* Debug */ = {
			isa = XCBuildConfiguration;
			buildSettings = {
				ASSETCATALOG_COMPILER_APPICON_NAME = AppIcon;
				"CODE_SIGN_IDENTITY[sdk=iphoneos*]" = "";
				INFOPLIST_FILE = challenge/Info.plist;
				IPHONEOS_DEPLOYMENT_TARGET = 8.0;
				LD_RUNPATH_SEARCH_PATHS = "$(inherited) @executable_path/Frameworks";
				PRODUCT_BUNDLE_IDENTIFIER = pgneri.challenge;
				PRODUCT_NAME = "$(TARGET_NAME)";
				SWIFT_VERSION = 3.0;
			};
			name = Debug;
		};
		D2F18C951DD82B2E00E39E29 /* Release */ = {
			isa = XCBuildConfiguration;
			buildSettings = {
				ASSETCATALOG_COMPILER_APPICON_NAME = AppIcon;
				"CODE_SIGN_IDENTITY[sdk=iphoneos*]" = "";
				INFOPLIST_FILE = challenge/Info.plist;
				IPHONEOS_DEPLOYMENT_TARGET = 8.0;
				LD_RUNPATH_SEARCH_PATHS = "$(inherited) @executable_path/Frameworks";
				PRODUCT_BUNDLE_IDENTIFIER = pgneri.challenge;
				PRODUCT_NAME = "$(TARGET_NAME)";
				SWIFT_VERSION = 3.0;
			};
			name = Release;
		};
		D2F18C971DD82B2E00E39E29 /* Debug */ = {
			isa = XCBuildConfiguration;
			buildSettings = {
				ALWAYS_EMBED_SWIFT_STANDARD_LIBRARIES = YES;
				BUNDLE_LOADER = "$(TEST_HOST)";
				INFOPLIST_FILE = challengeTests/Info.plist;
				LD_RUNPATH_SEARCH_PATHS = "$(inherited) @executable_path/Frameworks @loader_path/Frameworks";
				PRODUCT_BUNDLE_IDENTIFIER = pgneri.challengeTests;
				PRODUCT_NAME = "$(TARGET_NAME)";
				SWIFT_VERSION = 3.0;
				TEST_HOST = "$(BUILT_PRODUCTS_DIR)/challenge.app/challenge";
			};
			name = Debug;
		};
		D2F18C981DD82B2E00E39E29 /* Release */ = {
			isa = XCBuildConfiguration;
			buildSettings = {
				ALWAYS_EMBED_SWIFT_STANDARD_LIBRARIES = YES;
				BUNDLE_LOADER = "$(TEST_HOST)";
				INFOPLIST_FILE = challengeTests/Info.plist;
				LD_RUNPATH_SEARCH_PATHS = "$(inherited) @executable_path/Frameworks @loader_path/Frameworks";
				PRODUCT_BUNDLE_IDENTIFIER = pgneri.challengeTests;
				PRODUCT_NAME = "$(TARGET_NAME)";
				SWIFT_VERSION = 3.0;
				TEST_HOST = "$(BUILT_PRODUCTS_DIR)/challenge.app/challenge";
			};
			name = Release;
		};
		D2F18C9A1DD82B2E00E39E29 /* Debug */ = {
			isa = XCBuildConfiguration;
			buildSettings = {
				ALWAYS_EMBED_SWIFT_STANDARD_LIBRARIES = YES;
				INFOPLIST_FILE = challengeUITests/Info.plist;
				LD_RUNPATH_SEARCH_PATHS = "$(inherited) @executable_path/Frameworks @loader_path/Frameworks";
				PRODUCT_BUNDLE_IDENTIFIER = pgneri.challengeUITests;
				PRODUCT_NAME = "$(TARGET_NAME)";
				SWIFT_VERSION = 3.0;
				TEST_TARGET_NAME = challenge;
			};
			name = Debug;
		};
		D2F18C9B1DD82B2E00E39E29 /* Release */ = {
			isa = XCBuildConfiguration;
			buildSettings = {
				ALWAYS_EMBED_SWIFT_STANDARD_LIBRARIES = YES;
				INFOPLIST_FILE = challengeUITests/Info.plist;
				LD_RUNPATH_SEARCH_PATHS = "$(inherited) @executable_path/Frameworks @loader_path/Frameworks";
				PRODUCT_BUNDLE_IDENTIFIER = pgneri.challengeUITests;
				PRODUCT_NAME = "$(TARGET_NAME)";
				SWIFT_VERSION = 3.0;
				TEST_TARGET_NAME = challenge;
			};
			name = Release;
		};
/* End XCBuildConfiguration section */

/* Begin XCConfigurationList section */
		D2F18C661DD82B2E00E39E29 /* Build configuration list for PBXProject "challenge" */ = {
			isa = XCConfigurationList;
			buildConfigurations = (
				D2F18C911DD82B2E00E39E29 /* Debug */,
				D2F18C921DD82B2E00E39E29 /* Release */,
			);
			defaultConfigurationIsVisible = 0;
			defaultConfigurationName = Release;
		};
		D2F18C931DD82B2E00E39E29 /* Build configuration list for PBXNativeTarget "challenge" */ = {
			isa = XCConfigurationList;
			buildConfigurations = (
				D2F18C941DD82B2E00E39E29 /* Debug */,
				D2F18C951DD82B2E00E39E29 /* Release */,
			);
			defaultConfigurationIsVisible = 0;
		};
		D2F18C961DD82B2E00E39E29 /* Build configuration list for PBXNativeTarget "challengeTests" */ = {
			isa = XCConfigurationList;
			buildConfigurations = (
				D2F18C971DD82B2E00E39E29 /* Debug */,
				D2F18C981DD82B2E00E39E29 /* Release */,
			);
			defaultConfigurationIsVisible = 0;
		};
		D2F18C991DD82B2E00E39E29 /* Build configuration list for PBXNativeTarget "challengeUITests" */ = {
			isa = XCConfigurationList;
			buildConfigurations = (
				D2F18C9A1DD82B2E00E39E29 /* Debug */,
				D2F18C9B1DD82B2E00E39E29 /* Release */,
			);
			defaultConfigurationIsVisible = 0;
		};
/* End XCConfigurationList section */
	};
	rootObject = D2F18C631DD82B2E00E39E29 /* Project object */;
}
