// !$*UTF8*$!
{
	archiveVersion = 1;
	classes = {
	};
	objectVersion = 46;
	objects = {

/* Begin PBXBuildFile section */
		09E2B5E0BDEB9BFF26C5ED4C /* libPods-challengeTests.a in Frameworks */ = {isa = PBXBuildFile; fileRef = 5C09EA24334329B7A137B325 /* libPods-challengeTests.a */; };
		1A6C4A4208792A2A084A74B2 /* libPods-challengeUITests.a in Frameworks */ = {isa = PBXBuildFile; fileRef = A368DE7A87D755F7A4663B9A /* libPods-challengeUITests.a */; };
		5831E871C4C9D1451DA80D76 /* libPods-challenge.a in Frameworks */ = {isa = PBXBuildFile; fileRef = A35B7C62AFE292BAB3316708 /* libPods-challenge.a */; };
		D2F18C6F1DD82B2E00E39E29 /* AppDelegate.swift in Sources */ = {isa = PBXBuildFile; fileRef = D2F18C6E1DD82B2E00E39E29 /* AppDelegate.swift */; };
		D2F18C711DD82B2E00E39E29 /* ViewController.swift in Sources */ = {isa = PBXBuildFile; fileRef = D2F18C701DD82B2E00E39E29 /* ViewController.swift */; };
		D2F18C741DD82B2E00E39E29 /* Main.storyboard in Resources */ = {isa = PBXBuildFile; fileRef = D2F18C721DD82B2E00E39E29 /* Main.storyboard */; };
		D2F18C761DD82B2E00E39E29 /* Assets.xcassets in Resources */ = {isa = PBXBuildFile; fileRef = D2F18C751DD82B2E00E39E29 /* Assets.xcassets */; };
		D2F18C791DD82B2E00E39E29 /* LaunchScreen.storyboard in Resources */ = {isa = PBXBuildFile; fileRef = D2F18C771DD82B2E00E39E29 /* LaunchScreen.storyboard */; };
		D2F18C841DD82B2E00E39E29 /* challengeTests.swift in Sources */ = {isa = PBXBuildFile; fileRef = D2F18C831DD82B2E00E39E29 /* challengeTests.swift */; };
		D2F18C8F1DD82B2E00E39E29 /* challengeUITests.swift in Sources */ = {isa = PBXBuildFile; fileRef = D2F18C8E1DD82B2E00E39E29 /* challengeUITests.swift */; };
/* End PBXBuildFile section */

/* Begin PBXContainerItemProxy section */
		D2F18C801DD82B2E00E39E29 /* PBXContainerItemProxy */ = {
			isa = PBXContainerItemProxy;
			containerPortal = D2F18C631DD82B2E00E39E29 /* Project object */;
			proxyType = 1;
			remoteGlobalIDString = D2F18C6A1DD82B2E00E39E29;
			remoteInfo = challenge;
		};
		D2F18C8B1DD82B2E00E39E29 /* PBXContainerItemProxy */ = {
			isa = PBXContainerItemProxy;
			containerPortal = D2F18C631DD82B2E00E39E29 /* Project object */;
			proxyType = 1;
			remoteGlobalIDString = D2F18C6A1DD82B2E00E39E29;
			remoteInfo = challenge;
		};
/* End PBXContainerItemProxy section */

/* Begin PBXFileReference section */
		3076BD1D31F1D9E96633F267 /* Pods-challengeUITests.release.xcconfig */ = {isa = PBXFileReference; includeInIndex = 1; lastKnownFileType = text.xcconfig; name = "Pods-challengeUITests.release.xcconfig"; path = "Pods/Target Support Files/Pods-challengeUITests/Pods-challengeUITests.release.xcconfig"; sourceTree = "<group>"; };
		4F2BC6DA2AA6872B8221E901 /* Pods-challengeTests.release.xcconfig */ = {isa = PBXFileReference; includeInIndex = 1; lastKnownFileType = text.xcconfig; name = "Pods-challengeTests.release.xcconfig"; path = "Pods/Target Support Files/Pods-challengeTests/Pods-challengeTests.release.xcconfig"; sourceTree = "<group>"; };
		5C09EA24334329B7A137B325 /* libPods-challengeTests.a */ = {isa = PBXFileReference; explicitFileType = archive.ar; includeInIndex = 0; path = "libPods-challengeTests.a"; sourceTree = BUILT_PRODUCTS_DIR; };
		5CA7452858E676BC5AFE344E /* Pods-challengeTests.debug.xcconfig */ = {isa = PBXFileReference; includeInIndex = 1; lastKnownFileType = text.xcconfig; name = "Pods-challengeTests.debug.xcconfig"; path = "Pods/Target Support Files/Pods-challengeTests/Pods-challengeTests.debug.xcconfig"; sourceTree = "<group>"; };
		7506FCE05F15FF037DADFEA0 /* Pods-challenge.release.xcconfig */ = {isa = PBXFileReference; includeInIndex = 1; lastKnownFileType = text.xcconfig; name = "Pods-challenge.release.xcconfig"; path = "Pods/Target Support Files/Pods-challenge/Pods-challenge.release.xcconfig"; sourceTree = "<group>"; };
		90584BA6E23AA3FC08287135 /* Pods-challenge.debug.xcconfig */ = {isa = PBXFileReference; includeInIndex = 1; lastKnownFileType = text.xcconfig; name = "Pods-challenge.debug.xcconfig"; path = "Pods/Target Support Files/Pods-challenge/Pods-challenge.debug.xcconfig"; sourceTree = "<group>"; };
		A35B7C62AFE292BAB3316708 /* libPods-challenge.a */ = {isa = PBXFileReference; explicitFileType = archive.ar; includeInIndex = 0; path = "libPods-challenge.a"; sourceTree = BUILT_PRODUCTS_DIR; };
		A368DE7A87D755F7A4663B9A /* libPods-challengeUITests.a */ = {isa = PBXFileReference; explicitFileType = archive.ar; includeInIndex = 0; path = "libPods-challengeUITests.a"; sourceTree = BUILT_PRODUCTS_DIR; };
		AFE3A024B16C00906FA2DB59 /* Pods-challengeUITests.debug.xcconfig */ = {isa = PBXFileReference; includeInIndex = 1; lastKnownFileType = text.xcconfig; name = "Pods-challengeUITests.debug.xcconfig"; path = "Pods/Target Support Files/Pods-challengeUITests/Pods-challengeUITests.debug.xcconfig"; sourceTree = "<group>"; };
		D2F18C6B1DD82B2E00E39E29 /* challenge.app */ = {isa = PBXFileReference; explicitFileType = wrapper.application; includeInIndex = 0; path = challenge.app; sourceTree = BUILT_PRODUCTS_DIR; };
		D2F18C6E1DD82B2E00E39E29 /* AppDelegate.swift */ = {isa = PBXFileReference; lastKnownFileType = sourcecode.swift; path = AppDelegate.swift; sourceTree = "<group>"; };
		D2F18C701DD82B2E00E39E29 /* ViewController.swift */ = {isa = PBXFileReference; lastKnownFileType = sourcecode.swift; path = ViewController.swift; sourceTree = "<group>"; };
		D2F18C731DD82B2E00E39E29 /* Base */ = {isa = PBXFileReference; lastKnownFileType = file.storyboard; name = Base; path = Base.lproj/Main.storyboard; sourceTree = "<group>"; };
		D2F18C751DD82B2E00E39E29 /* Assets.xcassets */ = {isa = PBXFileReference; lastKnownFileType = folder.assetcatalog; path = Assets.xcassets; sourceTree = "<group>"; };
		D2F18C781DD82B2E00E39E29 /* Base */ = {isa = PBXFileReference; lastKnownFileType = file.storyboard; name = Base; path = Base.lproj/LaunchScreen.storyboard; sourceTree = "<group>"; };
		D2F18C7A1DD82B2E00E39E29 /* Info.plist */ = {isa = PBXFileReference; lastKnownFileType = text.plist.xml; path = Info.plist; sourceTree = "<group>"; };
		D2F18C7F1DD82B2E00E39E29 /* challengeTests.xctest */ = {isa = PBXFileReference; explicitFileType = wrapper.cfbundle; includeInIndex = 0; path = challengeTests.xctest; sourceTree = BUILT_PRODUCTS_DIR; };
		D2F18C831DD82B2E00E39E29 /* challengeTests.swift */ = {isa = PBXFileReference; lastKnownFileType = sourcecode.swift; path = challengeTests.swift; sourceTree = "<group>"; };
		D2F18C851DD82B2E00E39E29 /* Info.plist */ = {isa = PBXFileReference; lastKnownFileType = text.plist.xml; path = Info.plist; sourceTree = "<group>"; };
		D2F18C8A1DD82B2E00E39E29 /* challengeUITests.xctest */ = {isa = PBXFileReference; explicitFileType = wrapper.cfbundle; includeInIndex = 0; path = challengeUITests.xctest; sourceTree = BUILT_PRODUCTS_DIR; };
		D2F18C8E1DD82B2E00E39E29 /* challengeUITests.swift */ = {isa = PBXFileReference; lastKnownFileType = sourcecode.swift; path = challengeUITests.swift; sourceTree = "<group>"; };
		D2F18C901DD82B2E00E39E29 /* Info.plist */ = {isa = PBXFileReference; lastKnownFileType = text.plist.xml; path = Info.plist; sourceTree = "<group>"; };
/* End PBXFileReference section */

/* Begin PBXFrameworksBuildPhase section */
		D2F18C681DD82B2E00E39E29 /* Frameworks */ = {
			isa = PBXFrameworksBuildPhase;
			buildActionMask = 2147483647;
			files = (
				5831E871C4C9D1451DA80D76 /* libPods-challenge.a in Frameworks */,
			);
			runOnlyForDeploymentPostprocessing = 0;
		};
		D2F18C7C1DD82B2E00E39E29 /* Frameworks */ = {
			isa = PBXFrameworksBuildPhase;
			buildActionMask = 2147483647;
			files = (
				09E2B5E0BDEB9BFF26C5ED4C /* libPods-challengeTests.a in Frameworks */,
			);
			runOnlyForDeploymentPostprocessing = 0;
		};
		D2F18C871DD82B2E00E39E29 /* Frameworks */ = {
			isa = PBXFrameworksBuildPhase;
			buildActionMask = 2147483647;
			files = (
				1A6C4A4208792A2A084A74B2 /* libPods-challengeUITests.a in Frameworks */,
			);
			runOnlyForDeploymentPostprocessing = 0;
		};
/* End PBXFrameworksBuildPhase section */

/* Begin PBXGroup section */
		633920BD8C0EE136D041179D /* Frameworks */ = {
			isa = PBXGroup;
			children = (
				A35B7C62AFE292BAB3316708 /* libPods-challenge.a */,
				5C09EA24334329B7A137B325 /* libPods-challengeTests.a */,
				A368DE7A87D755F7A4663B9A /* libPods-challengeUITests.a */,
			);
			name = Frameworks;
			sourceTree = "<group>";
		};
		D2F18C621DD82B2E00E39E29 = {
			isa = PBXGroup;
			children = (
				D2F18C6D1DD82B2E00E39E29 /* challenge */,
				D2F18C821DD82B2E00E39E29 /* challengeTests */,
				D2F18C8D1DD82B2E00E39E29 /* challengeUITests */,
				D2F18C6C1DD82B2E00E39E29 /* Products */,
				E1629E921580CD8CDF59246B /* Pods */,
				633920BD8C0EE136D041179D /* Frameworks */,
			);
			sourceTree = "<group>";
		};
		D2F18C6C1DD82B2E00E39E29 /* Products */ = {
			isa = PBXGroup;
			children = (
				D2F18C6B1DD82B2E00E39E29 /* challenge.app */,
				D2F18C7F1DD82B2E00E39E29 /* challengeTests.xctest */,
				D2F18C8A1DD82B2E00E39E29 /* challengeUITests.xctest */,
			);
			name = Products;
			sourceTree = "<group>";
		};
		D2F18C6D1DD82B2E00E39E29 /* challenge */ = {
			isa = PBXGroup;
			children = (
				D2F18C6E1DD82B2E00E39E29 /* AppDelegate.swift */,
				D2F18C701DD82B2E00E39E29 /* ViewController.swift */,
				D2F18C721DD82B2E00E39E29 /* Main.storyboard */,
				D2F18C751DD82B2E00E39E29 /* Assets.xcassets */,
				D2F18C771DD82B2E00E39E29 /* LaunchScreen.storyboard */,
				D2F18C7A1DD82B2E00E39E29 /* Info.plist */,
			);
			path = challenge;
			sourceTree = "<group>";
		};
		D2F18C821DD82B2E00E39E29 /* challengeTests */ = {
			isa = PBXGroup;
			children = (
				D2F18C831DD82B2E00E39E29 /* challengeTests.swift */,
				D2F18C851DD82B2E00E39E29 /* Info.plist */,
			);
			path = challengeTests;
			sourceTree = "<group>";
		};
		D2F18C8D1DD82B2E00E39E29 /* challengeUITests */ = {
			isa = PBXGroup;
			children = (
				D2F18C8E1DD82B2E00E39E29 /* challengeUITests.swift */,
				D2F18C901DD82B2E00E39E29 /* Info.plist */,
			);
			path = challengeUITests;
			sourceTree = "<group>";
		};
		E1629E921580CD8CDF59246B /* Pods */ = {
			isa = PBXGroup;
			children = (
				90584BA6E23AA3FC08287135 /* Pods-challenge.debug.xcconfig */,
				7506FCE05F15FF037DADFEA0 /* Pods-challenge.release.xcconfig */,
				5CA7452858E676BC5AFE344E /* Pods-challengeTests.debug.xcconfig */,
				4F2BC6DA2AA6872B8221E901 /* Pods-challengeTests.release.xcconfig */,
				AFE3A024B16C00906FA2DB59 /* Pods-challengeUITests.debug.xcconfig */,
				3076BD1D31F1D9E96633F267 /* Pods-challengeUITests.release.xcconfig */,
			);
			name = Pods;
			sourceTree = "<group>";
		};
/* End PBXGroup section */

/* Begin PBXNativeTarget section */
		D2F18C6A1DD82B2E00E39E29 /* challenge */ = {
			isa = PBXNativeTarget;
			buildConfigurationList = D2F18C931DD82B2E00E39E29 /* Build configuration list for PBXNativeTarget "challenge" */;
			buildPhases = (
				F8DF3840B8BF2456222886BF /* [CP] Check Pods Manifest.lock */,
				D2F18C671DD82B2E00E39E29 /* Sources */,
				D2F18C681DD82B2E00E39E29 /* Frameworks */,
				D2F18C691DD82B2E00E39E29 /* Resources */,
				91994276DDA6EB100A168A6A /* [CP] Embed Pods Frameworks */,
				E71BDC19973D353F95D61D16 /* [CP] Copy Pods Resources */,
			);
			buildRules = (
			);
			dependencies = (
			);
			name = challenge;
			productName = challenge;
			productReference = D2F18C6B1DD82B2E00E39E29 /* challenge.app */;
			productType = "com.apple.product-type.application";
		};
		D2F18C7E1DD82B2E00E39E29 /* challengeTests */ = {
			isa = PBXNativeTarget;
			buildConfigurationList = D2F18C961DD82B2E00E39E29 /* Build configuration list for PBXNativeTarget "challengeTests" */;
			buildPhases = (
				9DD4DDA752787776720D971A /* [CP] Check Pods Manifest.lock */,
				D2F18C7B1DD82B2E00E39E29 /* Sources */,
				D2F18C7C1DD82B2E00E39E29 /* Frameworks */,
				D2F18C7D1DD82B2E00E39E29 /* Resources */,
				6447E420CD9084AEE3FD4388 /* [CP] Embed Pods Frameworks */,
				94823AFB0CFBC61BC7BED22D /* [CP] Copy Pods Resources */,
			);
			buildRules = (
			);
			dependencies = (
				D2F18C811DD82B2E00E39E29 /* PBXTargetDependency */,
			);
			name = challengeTests;
			productName = challengeTests;
			productReference = D2F18C7F1DD82B2E00E39E29 /* challengeTests.xctest */;
			productType = "com.apple.product-type.bundle.unit-test";
		};
		D2F18C891DD82B2E00E39E29 /* challengeUITests */ = {
			isa = PBXNativeTarget;
			buildConfigurationList = D2F18C991DD82B2E00E39E29 /* Build configuration list for PBXNativeTarget "challengeUITests" */;
			buildPhases = (
				8CD9DD94700F25370F9340B2 /* [CP] Check Pods Manifest.lock */,
				D2F18C861DD82B2E00E39E29 /* Sources */,
				D2F18C871DD82B2E00E39E29 /* Frameworks */,
				D2F18C881DD82B2E00E39E29 /* Resources */,
				287F9A631296697BB09AD9A8 /* [CP] Embed Pods Frameworks */,
				926D8FE9C58BBDB88BBE3D67 /* [CP] Copy Pods Resources */,
			);
			buildRules = (
			);
			dependencies = (
				D2F18C8C1DD82B2E00E39E29 /* PBXTargetDependency */,
			);
			name = challengeUITests;
			productName = challengeUITests;
			productReference = D2F18C8A1DD82B2E00E39E29 /* challengeUITests.xctest */;
			productType = "com.apple.product-type.bundle.ui-testing";
		};
/* End PBXNativeTarget section */

/* Begin PBXProject section */
		D2F18C631DD82B2E00E39E29 /* Project object */ = {
			isa = PBXProject;
			attributes = {
				LastSwiftUpdateCheck = 0800;
				LastUpgradeCheck = 0800;
				ORGANIZATIONNAME = "Patrícia Gabriele Neri";
				TargetAttributes = {
					D2F18C6A1DD82B2E00E39E29 = {
						CreatedOnToolsVersion = 8.0;
						ProvisioningStyle = Automatic;
					};
					D2F18C7E1DD82B2E00E39E29 = {
						CreatedOnToolsVersion = 8.0;
						ProvisioningStyle = Automatic;
						TestTargetID = D2F18C6A1DD82B2E00E39E29;
					};
					D2F18C891DD82B2E00E39E29 = {
						CreatedOnToolsVersion = 8.0;
						ProvisioningStyle = Automatic;
						TestTargetID = D2F18C6A1DD82B2E00E39E29;
					};
				};
			};
			buildConfigurationList = D2F18C661DD82B2E00E39E29 /* Build configuration list for PBXProject "challenge" */;
			compatibilityVersion = "Xcode 3.2";
			developmentRegion = English;
			hasScannedForEncodings = 0;
			knownRegions = (
				en,
				Base,
			);
			mainGroup = D2F18C621DD82B2E00E39E29;
			productRefGroup = D2F18C6C1DD82B2E00E39E29 /* Products */;
			projectDirPath = "";
			projectRoot = "";
			targets = (
				D2F18C6A1DD82B2E00E39E29 /* challenge */,
				D2F18C7E1DD82B2E00E39E29 /* challengeTests */,
				D2F18C891DD82B2E00E39E29 /* challengeUITests */,
			);
		};
/* End PBXProject section */

/* Begin PBXResourcesBuildPhase section */
		D2F18C691DD82B2E00E39E29 /* Resources */ = {
			isa = PBXResourcesBuildPhase;
			buildActionMask = 2147483647;
			files = (
				D2F18C791DD82B2E00E39E29 /* LaunchScreen.storyboard in Resources */,
				D2F18C761DD82B2E00E39E29 /* Assets.xcassets in Resources */,
				D2F18C741DD82B2E00E39E29 /* Main.storyboard in Resources */,
			);
			runOnlyForDeploymentPostprocessing = 0;
		};
		D2F18C7D1DD82B2E00E39E29 /* Resources */ = {
			isa = PBXResourcesBuildPhase;
			buildActionMask = 2147483647;
			files = (
			);
			runOnlyForDeploymentPostprocessing = 0;
		};
		D2F18C881DD82B2E00E39E29 /* Resources */ = {
			isa = PBXResourcesBuildPhase;
			buildActionMask = 2147483647;
			files = (
			);
			runOnlyForDeploymentPostprocessing = 0;
		};
/* End PBXResourcesBuildPhase section */

/* Begin PBXShellScriptBuildPhase section */
		287F9A631296697BB09AD9A8 /* [CP] Embed Pods Frameworks */ = {
			isa = PBXShellScriptBuildPhase;
			buildActionMask = 2147483647;
			files = (
			);
			inputPaths = (
			);
			name = "[CP] Embed Pods Frameworks";
			outputPaths = (
			);
			runOnlyForDeploymentPostprocessing = 0;
			shellPath = /bin/sh;
			shellScript = "\"${SRCROOT}/Pods/Target Support Files/Pods-challengeUITests/Pods-challengeUITests-frameworks.sh\"\n";
			showEnvVarsInLog = 0;
		};
		6447E420CD9084AEE3FD4388 /* [CP] Embed Pods Frameworks */ = {
			isa = PBXShellScriptBuildPhase;
			buildActionMask = 2147483647;
			files = (
			);
			inputPaths = (
			);
			name = "[CP] Embed Pods Frameworks";
			outputPaths = (
			);
			runOnlyForDeploymentPostprocessing = 0;
			shellPath = /bin/sh;
			shellScript = "\"${SRCROOT}/Pods/Target Support Files/Pods-challengeTests/Pods-challengeTests-frameworks.sh\"\n";
			showEnvVarsInLog = 0;
		};
		8CD9DD94700F25370F9340B2 /* [CP] Check Pods Manifest.lock */ = {
			isa = PBXShellScriptBuildPhase;
			buildActionMask = 2147483647;
			files = (
			);
			inputPaths = (
			);
			name = "[CP] Check Pods Manifest.lock";
			outputPaths = (
			);
			runOnlyForDeploymentPostprocessing = 0;
			shellPath = /bin/sh;
			shellScript = "diff \"${PODS_ROOT}/../Podfile.lock\" \"${PODS_ROOT}/Manifest.lock\" > /dev/null\nif [ $? != 0 ] ; then\n    # print error to STDERR\n    echo \"error: The sandbox is not in sync with the Podfile.lock. Run 'pod install' or update your CocoaPods installation.\" >&2\n    exit 1\nfi\n";
			showEnvVarsInLog = 0;
		};
		91994276DDA6EB100A168A6A /* [CP] Embed Pods Frameworks */ = {
			isa = PBXShellScriptBuildPhase;
			buildActionMask = 2147483647;
			files = (
			);
			inputPaths = (
			);
			name = "[CP] Embed Pods Frameworks";
			outputPaths = (
			);
			runOnlyForDeploymentPostprocessing = 0;
			shellPath = /bin/sh;
			shellScript = "\"${SRCROOT}/Pods/Target Support Files/Pods-challenge/Pods-challenge-frameworks.sh\"\n";
			showEnvVarsInLog = 0;
		};
		926D8FE9C58BBDB88BBE3D67 /* [CP] Copy Pods Resources */ = {
			isa = PBXShellScriptBuildPhase;
			buildActionMask = 2147483647;
			files = (
			);
			inputPaths = (
			);
			name = "[CP] Copy Pods Resources";
			outputPaths = (
			);
			runOnlyForDeploymentPostprocessing = 0;
			shellPath = /bin/sh;
			shellScript = "\"${SRCROOT}/Pods/Target Support Files/Pods-challengeUITests/Pods-challengeUITests-resources.sh\"\n";
			showEnvVarsInLog = 0;
		};
		94823AFB0CFBC61BC7BED22D /* [CP] Copy Pods Resources */ = {
			isa = PBXShellScriptBuildPhase;
			buildActionMask = 2147483647;
			files = (
			);
			inputPaths = (
			);
			name = "[CP] Copy Pods Resources";
			outputPaths = (
			);
			runOnlyForDeploymentPostprocessing = 0;
			shellPath = /bin/sh;
			shellScript = "\"${SRCROOT}/Pods/Target Support Files/Pods-challengeTests/Pods-challengeTests-resources.sh\"\n";
			showEnvVarsInLog = 0;
		};
		9DD4DDA752787776720D971A /* [CP] Check Pods Manifest.lock */ = {
			isa = PBXShellScriptBuildPhase;
			buildActionMask = 2147483647;
			files = (
			);
			inputPaths = (
			);
			name = "[CP] Check Pods Manifest.lock";
			outputPaths = (
			);
			runOnlyForDeploymentPostprocessing = 0;
			shellPath = /bin/sh;
			shellScript = "diff \"${PODS_ROOT}/../Podfile.lock\" \"${PODS_ROOT}/Manifest.lock\" > /dev/null\nif [ $? != 0 ] ; then\n    # print error to STDERR\n    echo \"error: The sandbox is not in sync with the Podfile.lock. Run 'pod install' or update your CocoaPods installation.\" >&2\n    exit 1\nfi\n";
			showEnvVarsInLog = 0;
		};
		E71BDC19973D353F95D61D16 /* [CP] Copy Pods Resources */ = {
			isa = PBXShellScriptBuildPhase;
			buildActionMask = 2147483647;
			files = (
			);
			inputPaths = (
			);
			name = "[CP] Copy Pods Resources";
			outputPaths = (
			);
			runOnlyForDeploymentPostprocessing = 0;
			shellPath = /bin/sh;
			shellScript = "\"${SRCROOT}/Pods/Target Support Files/Pods-challenge/Pods-challenge-resources.sh\"\n";
			showEnvVarsInLog = 0;
		};
		F8DF3840B8BF2456222886BF /* [CP] Check Pods Manifest.lock */ = {
			isa = PBXShellScriptBuildPhase;
			buildActionMask = 2147483647;
			files = (
			);
			inputPaths = (
			);
			name = "[CP] Check Pods Manifest.lock";
			outputPaths = (
			);
			runOnlyForDeploymentPostprocessing = 0;
			shellPath = /bin/sh;
			shellScript = "diff \"${PODS_ROOT}/../Podfile.lock\" \"${PODS_ROOT}/Manifest.lock\" > /dev/null\nif [ $? != 0 ] ; then\n    # print error to STDERR\n    echo \"error: The sandbox is not in sync with the Podfile.lock. Run 'pod install' or update your CocoaPods installation.\" >&2\n    exit 1\nfi\n";
			showEnvVarsInLog = 0;
		};
/* End PBXShellScriptBuildPhase section */

/* Begin PBXSourcesBuildPhase section */
		D2F18C671DD82B2E00E39E29 /* Sources */ = {
			isa = PBXSourcesBuildPhase;
			buildActionMask = 2147483647;
			files = (
				D2F18C711DD82B2E00E39E29 /* ViewController.swift in Sources */,
				D2F18C6F1DD82B2E00E39E29 /* AppDelegate.swift in Sources */,
			);
			runOnlyForDeploymentPostprocessing = 0;
		};
		D2F18C7B1DD82B2E00E39E29 /* Sources */ = {
			isa = PBXSourcesBuildPhase;
			buildActionMask = 2147483647;
			files = (
				D2F18C841DD82B2E00E39E29 /* challengeTests.swift in Sources */,
			);
			runOnlyForDeploymentPostprocessing = 0;
		};
		D2F18C861DD82B2E00E39E29 /* Sources */ = {
			isa = PBXSourcesBuildPhase;
			buildActionMask = 2147483647;
			files = (
				D2F18C8F1DD82B2E00E39E29 /* challengeUITests.swift in Sources */,
			);
			runOnlyForDeploymentPostprocessing = 0;
		};
/* End PBXSourcesBuildPhase section */

/* Begin PBXTargetDependency section */
		D2F18C811DD82B2E00E39E29 /* PBXTargetDependency */ = {
			isa = PBXTargetDependency;
			target = D2F18C6A1DD82B2E00E39E29 /* challenge */;
			targetProxy = D2F18C801DD82B2E00E39E29 /* PBXContainerItemProxy */;
		};
		D2F18C8C1DD82B2E00E39E29 /* PBXTargetDependency */ = {
			isa = PBXTargetDependency;
			target = D2F18C6A1DD82B2E00E39E29 /* challenge */;
			targetProxy = D2F18C8B1DD82B2E00E39E29 /* PBXContainerItemProxy */;
		};
/* End PBXTargetDependency section */

/* Begin PBXVariantGroup section */
		D2F18C721DD82B2E00E39E29 /* Main.storyboard */ = {
			isa = PBXVariantGroup;
			children = (
				D2F18C731DD82B2E00E39E29 /* Base */,
			);
			name = Main.storyboard;
			sourceTree = "<group>";
		};
		D2F18C771DD82B2E00E39E29 /* LaunchScreen.storyboard */ = {
			isa = PBXVariantGroup;
			children = (
				D2F18C781DD82B2E00E39E29 /* Base */,
			);
			name = LaunchScreen.storyboard;
			sourceTree = "<group>";
		};
/* End PBXVariantGroup section */

/* Begin XCBuildConfiguration section */
		D2F18C911DD82B2E00E39E29 /* Debug */ = {
			isa = XCBuildConfiguration;
			buildSettings = {
				ALWAYS_SEARCH_USER_PATHS = NO;
				CLANG_ANALYZER_NONNULL = YES;
				CLANG_CXX_LANGUAGE_STANDARD = "gnu++0x";
				CLANG_CXX_LIBRARY = "libc++";
				CLANG_ENABLE_MODULES = YES;
				CLANG_ENABLE_OBJC_ARC = YES;
				CLANG_WARN_BOOL_CONVERSION = YES;
				CLANG_WARN_CONSTANT_CONVERSION = YES;
				CLANG_WARN_DIRECT_OBJC_ISA_USAGE = YES_ERROR;
				CLANG_WARN_DOCUMENTATION_COMMENTS = YES;
				CLANG_WARN_EMPTY_BODY = YES;
				CLANG_WARN_ENUM_CONVERSION = YES;
				CLANG_WARN_INFINITE_RECURSION = YES;
				CLANG_WARN_INT_CONVERSION = YES;
				CLANG_WARN_OBJC_ROOT_CLASS = YES_ERROR;
				CLANG_WARN_SUSPICIOUS_MOVES = YES;
				CLANG_WARN_UNREACHABLE_CODE = YES;
				CLANG_WARN__DUPLICATE_METHOD_MATCH = YES;
				"CODE_SIGN_IDENTITY[sdk=iphoneos*]" = "iPhone Developer";
				COPY_PHASE_STRIP = NO;
				DEBUG_INFORMATION_FORMAT = dwarf;
				ENABLE_STRICT_OBJC_MSGSEND = YES;
				ENABLE_TESTABILITY = YES;
				GCC_C_LANGUAGE_STANDARD = gnu99;
				GCC_DYNAMIC_NO_PIC = NO;
				GCC_NO_COMMON_BLOCKS = YES;
				GCC_OPTIMIZATION_LEVEL = 0;
				GCC_PREPROCESSOR_DEFINITIONS = (
					"DEBUG=1",
					"$(inherited)",
				);
				GCC_WARN_64_TO_32_BIT_CONVERSION = YES;
				GCC_WARN_ABOUT_RETURN_TYPE = YES_ERROR;
				GCC_WARN_UNDECLARED_SELECTOR = YES;
				GCC_WARN_UNINITIALIZED_AUTOS = YES_AGGRESSIVE;
				GCC_WARN_UNUSED_FUNCTION = YES;
				GCC_WARN_UNUSED_VARIABLE = YES;
				IPHONEOS_DEPLOYMENT_TARGET = 8.0;
				MTL_ENABLE_DEBUG_INFO = YES;
				ONLY_ACTIVE_ARCH = YES;
				SDKROOT = iphoneos;
				SWIFT_ACTIVE_COMPILATION_CONDITIONS = DEBUG;
				SWIFT_OPTIMIZATION_LEVEL = "-Onone";
				TARGETED_DEVICE_FAMILY = "1,2";
			};
			name = Debug;
		};
		D2F18C921DD82B2E00E39E29 /* Release */ = {
			isa = XCBuildConfiguration;
			buildSettings = {
				ALWAYS_SEARCH_USER_PATHS = NO;
				CLANG_ANALYZER_NONNULL = YES;
				CLANG_CXX_LANGUAGE_STANDARD = "gnu++0x";
				CLANG_CXX_LIBRARY = "libc++";
				CLANG_ENABLE_MODULES = YES;
				CLANG_ENABLE_OBJC_ARC = YES;
				CLANG_WARN_BOOL_CONVERSION = YES;
				CLANG_WARN_CONSTANT_CONVERSION = YES;
				CLANG_WARN_DIRECT_OBJC_ISA_USAGE = YES_ERROR;
				CLANG_WARN_DOCUMENTATION_COMMENTS = YES;
				CLANG_WARN_EMPTY_BODY = YES;
				CLANG_WARN_ENUM_CONVERSION = YES;
				CLANG_WARN_INFINITE_RECURSION = YES;
				CLANG_WARN_INT_CONVERSION = YES;
				CLANG_WARN_OBJC_ROOT_CLASS = YES_ERROR;
				CLANG_WARN_SUSPICIOUS_MOVES = YES;
				CLANG_WARN_UNREACHABLE_CODE = YES;
				CLANG_WARN__DUPLICATE_METHOD_MATCH = YES;
				"CODE_SIGN_IDENTITY[sdk=iphoneos*]" = "iPhone Developer";
				COPY_PHASE_STRIP = NO;
				DEBUG_INFORMATION_FORMAT = "dwarf-with-dsym";
				ENABLE_NS_ASSERTIONS = NO;
				ENABLE_STRICT_OBJC_MSGSEND = YES;
				GCC_C_LANGUAGE_STANDARD = gnu99;
				GCC_NO_COMMON_BLOCKS = YES;
				GCC_WARN_64_TO_32_BIT_CONVERSION = YES;
				GCC_WARN_ABOUT_RETURN_TYPE = YES_ERROR;
				GCC_WARN_UNDECLARED_SELECTOR = YES;
				GCC_WARN_UNINITIALIZED_AUTOS = YES_AGGRESSIVE;
				GCC_WARN_UNUSED_FUNCTION = YES;
				GCC_WARN_UNUSED_VARIABLE = YES;
				IPHONEOS_DEPLOYMENT_TARGET = 8.0;
				MTL_ENABLE_DEBUG_INFO = NO;
				SDKROOT = iphoneos;
				SWIFT_OPTIMIZATION_LEVEL = "-Owholemodule";
				TARGETED_DEVICE_FAMILY = "1,2";
				VALIDATE_PRODUCT = YES;
			};
			name = Release;
		};
		D2F18C941DD82B2E00E39E29 /* Debug */ = {
			isa = XCBuildConfiguration;
			baseConfigurationReference = 90584BA6E23AA3FC08287135 /* Pods-challenge.debug.xcconfig */;
			buildSettings = {
				ASSETCATALOG_COMPILER_APPICON_NAME = AppIcon;
				"CODE_SIGN_IDENTITY[sdk=iphoneos*]" = "";
				INFOPLIST_FILE = challenge/Info.plist;
				IPHONEOS_DEPLOYMENT_TARGET = 8.0;
				LD_RUNPATH_SEARCH_PATHS = "$(inherited) @executable_path/Frameworks";
				PRODUCT_BUNDLE_IDENTIFIER = pgneri.challenge;
				PRODUCT_NAME = "$(TARGET_NAME)";
				SWIFT_VERSION = 3.0;
			};
			name = Debug;
		};
		D2F18C951DD82B2E00E39E29 /* Release */ = {
			isa = XCBuildConfiguration;
			baseConfigurationReference = 7506FCE05F15FF037DADFEA0 /* Pods-challenge.release.xcconfig */;
			buildSettings = {
				ASSETCATALOG_COMPILER_APPICON_NAME = AppIcon;
				"CODE_SIGN_IDENTITY[sdk=iphoneos*]" = "";
				INFOPLIST_FILE = challenge/Info.plist;
				IPHONEOS_DEPLOYMENT_TARGET = 8.0;
				LD_RUNPATH_SEARCH_PATHS = "$(inherited) @executable_path/Frameworks";
				PRODUCT_BUNDLE_IDENTIFIER = pgneri.challenge;
				PRODUCT_NAME = "$(TARGET_NAME)";
				SWIFT_VERSION = 3.0;
			};
			name = Release;
		};
		D2F18C971DD82B2E00E39E29 /* Debug */ = {
			isa = XCBuildConfiguration;
			baseConfigurationReference = 5CA7452858E676BC5AFE344E /* Pods-challengeTests.debug.xcconfig */;
			buildSettings = {
				ALWAYS_EMBED_SWIFT_STANDARD_LIBRARIES = YES;
				BUNDLE_LOADER = "$(TEST_HOST)";
				INFOPLIST_FILE = challengeTests/Info.plist;
				LD_RUNPATH_SEARCH_PATHS = "$(inherited) @executable_path/Frameworks @loader_path/Frameworks";
				PRODUCT_BUNDLE_IDENTIFIER = pgneri.challengeTests;
				PRODUCT_NAME = "$(TARGET_NAME)";
				SWIFT_VERSION = 3.0;
				TEST_HOST = "$(BUILT_PRODUCTS_DIR)/challenge.app/challenge";
			};
			name = Debug;
		};
		D2F18C981DD82B2E00E39E29 /* Release */ = {
			isa = XCBuildConfiguration;
			baseConfigurationReference = 4F2BC6DA2AA6872B8221E901 /* Pods-challengeTests.release.xcconfig */;
			buildSettings = {
				ALWAYS_EMBED_SWIFT_STANDARD_LIBRARIES = YES;
				BUNDLE_LOADER = "$(TEST_HOST)";
				INFOPLIST_FILE = challengeTests/Info.plist;
				LD_RUNPATH_SEARCH_PATHS = "$(inherited) @executable_path/Frameworks @loader_path/Frameworks";
				PRODUCT_BUNDLE_IDENTIFIER = pgneri.challengeTests;
				PRODUCT_NAME = "$(TARGET_NAME)";
				SWIFT_VERSION = 3.0;
				TEST_HOST = "$(BUILT_PRODUCTS_DIR)/challenge.app/challenge";
			};
			name = Release;
		};
		D2F18C9A1DD82B2E00E39E29 /* Debug */ = {
			isa = XCBuildConfiguration;
			baseConfigurationReference = AFE3A024B16C00906FA2DB59 /* Pods-challengeUITests.debug.xcconfig */;
			buildSettings = {
				ALWAYS_EMBED_SWIFT_STANDARD_LIBRARIES = YES;
				INFOPLIST_FILE = challengeUITests/Info.plist;
				LD_RUNPATH_SEARCH_PATHS = "$(inherited) @executable_path/Frameworks @loader_path/Frameworks";
				PRODUCT_BUNDLE_IDENTIFIER = pgneri.challengeUITests;
				PRODUCT_NAME = "$(TARGET_NAME)";
				SWIFT_VERSION = 3.0;
				TEST_TARGET_NAME = challenge;
			};
			name = Debug;
		};
		D2F18C9B1DD82B2E00E39E29 /* Release */ = {
			isa = XCBuildConfiguration;
			baseConfigurationReference = 3076BD1D31F1D9E96633F267 /* Pods-challengeUITests.release.xcconfig */;
			buildSettings = {
				ALWAYS_EMBED_SWIFT_STANDARD_LIBRARIES = YES;
				INFOPLIST_FILE = challengeUITests/Info.plist;
				LD_RUNPATH_SEARCH_PATHS = "$(inherited) @executable_path/Frameworks @loader_path/Frameworks";
				PRODUCT_BUNDLE_IDENTIFIER = pgneri.challengeUITests;
				PRODUCT_NAME = "$(TARGET_NAME)";
				SWIFT_VERSION = 3.0;
				TEST_TARGET_NAME = challenge;
			};
			name = Release;
		};
/* End XCBuildConfiguration section */

/* Begin XCConfigurationList section */
		D2F18C661DD82B2E00E39E29 /* Build configuration list for PBXProject "challenge" */ = {
			isa = XCConfigurationList;
			buildConfigurations = (
				D2F18C911DD82B2E00E39E29 /* Debug */,
				D2F18C921DD82B2E00E39E29 /* Release */,
			);
			defaultConfigurationIsVisible = 0;
			defaultConfigurationName = Release;
		};
		D2F18C931DD82B2E00E39E29 /* Build configuration list for PBXNativeTarget "challenge" */ = {
			isa = XCConfigurationList;
			buildConfigurations = (
				D2F18C941DD82B2E00E39E29 /* Debug */,
				D2F18C951DD82B2E00E39E29 /* Release */,
			);
			defaultConfigurationIsVisible = 0;
		};
		D2F18C961DD82B2E00E39E29 /* Build configuration list for PBXNativeTarget "challengeTests" */ = {
			isa = XCConfigurationList;
			buildConfigurations = (
				D2F18C971DD82B2E00E39E29 /* Debug */,
				D2F18C981DD82B2E00E39E29 /* Release */,
			);
			defaultConfigurationIsVisible = 0;
		};
		D2F18C991DD82B2E00E39E29 /* Build configuration list for PBXNativeTarget "challengeUITests" */ = {
			isa = XCConfigurationList;
			buildConfigurations = (
				D2F18C9A1DD82B2E00E39E29 /* Debug */,
				D2F18C9B1DD82B2E00E39E29 /* Release */,
			);
			defaultConfigurationIsVisible = 0;
		};
/* End XCConfigurationList section */
	};
	rootObject = D2F18C631DD82B2E00E39E29 /* Project object */;
}
